
Microsoft Visual Studio Solution File, Format Version 12.00
# Visual Studio Version 16
VisualStudioVersion = 16.0.29519.181
MinimumVisualStudioVersion = 10.0.40219.1
Project("{8BC9CEB8-8B4A-11D0-8D11-00A0C91BC942}") = "Cows-bulls", "Cows-bulls\Cows-bulls.vcxproj", "{44BF513B-57CD-41C4-BA72-F1042F7D4269}"
EndProject
Global
	GlobalSection(SolutionConfigurationPlatforms) = preSolution
		Debug|x64 = Debug|x64
		Debug|x86 = Debug|x86
		Release|x64 = Release|x64
		Release|x86 = Release|x86
	EndGlobalSection
	GlobalSection(ProjectConfigurationPlatforms) = postSolution
		{44BF513B-57CD-41C4-BA72-F1042F7D4269}.Debug|x64.ActiveCfg = Debug|x64
		{44BF513B-57CD-41C4-BA72-F1042F7D4269}.Debug|x64.Build.0 = Debug|x64
		{44BF513B-57CD-41C4-BA72-F1042F7D4269}.Debug|x86.ActiveCfg = Debug|Win32
		{44BF513B-57CD-41C4-BA72-F1042F7D4269}.Debug|x86.Build.0 = Debug|Win32
		{44BF513B-57CD-41C4-BA72-F1042F7D4269}.Release|x64.ActiveCfg = Release|x64
		{44BF513B-57CD-41C4-BA72-F1042F7D4269}.Release|x64.Build.0 = Release|x64
		{44BF513B-57CD-41C4-BA72-F1042F7D4269}.Release|x86.ActiveCfg = Release|Win32
		{44BF513B-57CD-41C4-BA72-F1042F7D4269}.Release|x86.Build.0 = Release|Win32
	EndGlobalSection
	GlobalSection(SolutionProperties) = preSolution
		HideSolutionNode = FALSE
	EndGlobalSection
	GlobalSection(ExtensibilityGlobals) = postSolution
		SolutionGuid = {A7E6B7B6-3C3B-43AC-A4D0-BEDC547F88FA}
	EndGlobalSection
EndGlobal
